
Microsoft Visual Studio Solution File, Format Version 12.00
# Visual Studio Version 16
VisualStudioVersion = 16.0.31205.134
MinimumVisualStudioVersion = 10.0.40219.1
Project("{9A19103F-16F7-4668-BE54-9A1E7A4F7556}") = "CQRSDemo", "CQRSDemo.csproj", "{634FE3C8-2BFE-4E57-B6BF-C91B21EDFFDD}"
EndProject
Global
	GlobalSection(SolutionConfigurationPlatforms) = preSolution
		Debug|Any CPU = Debug|Any CPU
		Release|Any CPU = Release|Any CPU
	EndGlobalSection
	GlobalSection(ProjectConfigurationPlatforms) = postSolution
		{634FE3C8-2BFE-4E57-B6BF-C91B21EDFFDD}.Debug|Any CPU.ActiveCfg = Debug|Any CPU
		{634FE3C8-2BFE-4E57-B6BF-C91B21EDFFDD}.Debug|Any CPU.Build.0 = Debug|Any CPU
		{634FE3C8-2BFE-4E57-B6BF-C91B21EDFFDD}.Release|Any CPU.ActiveCfg = Release|Any CPU
		{634FE3C8-2BFE-4E57-B6BF-C91B21EDFFDD}.Release|Any CPU.Build.0 = Release|Any CPU
	EndGlobalSection
	GlobalSection(SolutionProperties) = preSolution
		HideSolutionNode = FALSE
	EndGlobalSection
	GlobalSection(ExtensibilityGlobals) = postSolution
		SolutionGuid = {63E280F3-C04F-403C-A80D-41D237161263}
	EndGlobalSection
EndGlobal
